
Microsoft Visual Studio Solution File, Format Version 12.00
# Visual Studio Version 16
VisualStudioVersion = 16.0.30611.23
MinimumVisualStudioVersion = 10.0.40219.1
Project("{FAE04EC0-301F-11D3-BF4B-00C04F79EFBC}") = "CalculatorApp", "CalculatorApp\CalculatorApp.csproj", "{DF76ABCD-06DB-4451-95EA-A9FDF6F00A76}"
EndProject
Global
	GlobalSection(SolutionConfigurationPlatforms) = preSolution
		Debug|Any CPU = Debug|Any CPU
		Release|Any CPU = Release|Any CPU
	EndGlobalSection
	GlobalSection(ProjectConfigurationPlatforms) = postSolution
		{DF76ABCD-06DB-4451-95EA-A9FDF6F00A76}.Debug|Any CPU.ActiveCfg = Debug|Any CPU
		{DF76ABCD-06DB-4451-95EA-A9FDF6F00A76}.Debug|Any CPU.Build.0 = Debug|Any CPU
		{DF76ABCD-06DB-4451-95EA-A9FDF6F00A76}.Release|Any CPU.ActiveCfg = Release|Any CPU
		{DF76ABCD-06DB-4451-95EA-A9FDF6F00A76}.Release|Any CPU.Build.0 = Release|Any CPU
	EndGlobalSection
	GlobalSection(SolutionProperties) = preSolution
		HideSolutionNode = FALSE
	EndGlobalSection
	GlobalSection(ExtensibilityGlobals) = postSolution
		SolutionGuid = {FDB44791-BB68-47CA-8171-B425B5B5CA25}
	EndGlobalSection
EndGlobal
